
Microsoft Visual Studio Solution File, Format Version 12.00
# Visual Studio Version 17
VisualStudioVersion = 17.2.32630.192
MinimumVisualStudioVersion = 10.0.40219.1
Project("{FAE04EC0-301F-11D3-BF4B-00C04F79EFBC}") = "web_api_test", "web_api_test\web_api_test.csproj", "{84B79C7B-1305-4677-B6F7-69E740F8459B}"
EndProject
Project("{E53339B2-1760-4266-BCC7-CA923CBCF16C}") = "docker-compose", "docker-compose.dcproj", "{6E7C4DB5-B7AE-4EDF-A62F-8DF55B28A5C8}"
EndProject
Project("{2150E333-8FDC-42A3-9474-1A3956D46DE8}") = "Nginx", "Nginx", "{4D024D60-2233-4801-8CDD-51FC4E3E6224}"
	ProjectSection(SolutionItems) = preProject
		nginx.conf = nginx.conf
	EndProjectSection
EndProject
Global
	GlobalSection(SolutionConfigurationPlatforms) = preSolution
		Debug|Any CPU = Debug|Any CPU
		Release|Any CPU = Release|Any CPU
	EndGlobalSection
	GlobalSection(ProjectConfigurationPlatforms) = postSolution
		{84B79C7B-1305-4677-B6F7-69E740F8459B}.Debug|Any CPU.ActiveCfg = Debug|Any CPU
		{84B79C7B-1305-4677-B6F7-69E740F8459B}.Debug|Any CPU.Build.0 = Debug|Any CPU
		{84B79C7B-1305-4677-B6F7-69E740F8459B}.Release|Any CPU.ActiveCfg = Release|Any CPU
		{84B79C7B-1305-4677-B6F7-69E740F8459B}.Release|Any CPU.Build.0 = Release|Any CPU
		{6E7C4DB5-B7AE-4EDF-A62F-8DF55B28A5C8}.Debug|Any CPU.ActiveCfg = Debug|Any CPU
		{6E7C4DB5-B7AE-4EDF-A62F-8DF55B28A5C8}.Debug|Any CPU.Build.0 = Debug|Any CPU
		{6E7C4DB5-B7AE-4EDF-A62F-8DF55B28A5C8}.Release|Any CPU.ActiveCfg = Release|Any CPU
		{6E7C4DB5-B7AE-4EDF-A62F-8DF55B28A5C8}.Release|Any CPU.Build.0 = Release|Any CPU
	EndGlobalSection
	GlobalSection(SolutionProperties) = preSolution
		HideSolutionNode = FALSE
	EndGlobalSection
	GlobalSection(ExtensibilityGlobals) = postSolution
		SolutionGuid = {4FF275E5-D927-4775-A52D-E35C2019B88E}
	EndGlobalSection
EndGlobal
